{
  "originHash" : "2ec834b33c667ac393ba0441c3989373b729ac3548acebcfac7b78707ae378bf",
  "pins" : [
    {
      "identity" : "bluruikit",
      "kind" : "remoteSourceControl",
      "location" : "https://github.com/TimOliver/BlurUIKit.git",
      "state" : {
        "revision" : "072e29981974784724a6ea1d564bdd7ced1db968",
        "version" : "1.2.2"
      }
    },
    {
      "identity" : "liquidglasskit",
      "kind" : "remoteSourceControl",
      "location" : "https://github.com/DnV1eX/LiquidGlassKit.git",
      "state" : {
        "revision" : "2eb41c5d0115d23179d7a3eb133cb07bac7bb7d8",
        "version" : "1.0.1"
      }
    }
  ],
  "version" : 3
}
